
Microsoft Visual Studio Solution File, Format Version 12.00
# Visual Studio 15
Project("{FAE04EC0-301F-11D3-BF4B-00C04F79EFBC}") = "UnityEngine.UI", "UnityEngine.UI.csproj", "{2C2A6A02-AB68-09A4-69E1-E173D15D9410}"
EndProject
Project("{FAE04EC0-301F-11D3-BF4B-00C04F79EFBC}") = "UnityEngine.TestRunner", "UnityEngine.TestRunner.csproj", "{C00F5AEA-AD6C-7A6B-5838-47120D2A013F}"
EndProject
Project("{FAE04EC0-301F-11D3-BF4B-00C04F79EFBC}") = "Unity.Timeline", "Unity.Timeline.csproj", "{BA7A8357-3FAC-EB36-96C6-1714BB9450DB}"
EndProject
Project("{FAE04EC0-301F-11D3-BF4B-00C04F79EFBC}") = "Unity.TextMeshPro", "Unity.TextMeshPro.csproj", "{76907287-A506-9A72-7801-15E0175291FE}"
EndProject
Project("{FAE04EC0-301F-11D3-BF4B-00C04F79EFBC}") = "Assembly-CSharp", "Assembly-CSharp.csproj", "{F6B57EBC-50DD-5FCE-CB46-93800F796A5D}"
EndProject
Project("{FAE04EC0-301F-11D3-BF4B-00C04F79EFBC}") = "UnityEditor.TestRunner", "UnityEditor.TestRunner.csproj", "{C5C37BFC-E099-5900-44BC-E4D66D2DD804}"
EndProject
Project("{FAE04EC0-301F-11D3-BF4B-00C04F79EFBC}") = "Unity.PlasticSCM.Editor", "Unity.PlasticSCM.Editor.csproj", "{08997ECE-D845-EF01-F01A-66AB19F38C02}"
EndProject
Project("{FAE04EC0-301F-11D3-BF4B-00C04F79EFBC}") = "UnityEditor.UI", "UnityEditor.UI.csproj", "{89202A41-038D-832E-9E97-AD515EC4813B}"
EndProject
Project("{FAE04EC0-301F-11D3-BF4B-00C04F79EFBC}") = "Unity.Timeline.Editor", "Unity.Timeline.Editor.csproj", "{6C7BE11D-9F7A-ABC0-FF63-3BADEA94426C}"
EndProject
Project("{FAE04EC0-301F-11D3-BF4B-00C04F79EFBC}") = "Unity.VisualStudio.Editor", "Unity.VisualStudio.Editor.csproj", "{7486549A-67DE-2AE2-66BC-06E852D8C5C6}"
EndProject
Project("{FAE04EC0-301F-11D3-BF4B-00C04F79EFBC}") = "Unity.TextMeshPro.Editor", "Unity.TextMeshPro.Editor.csproj", "{0B638FFB-2F08-EF05-3D5B-D979AF4F2862}"
EndProject
Project("{FAE04EC0-301F-11D3-BF4B-00C04F79EFBC}") = "Unity.CollabProxy.Editor", "Unity.CollabProxy.Editor.csproj", "{9BCF29BB-6CAE-48D8-2487-4519E5A91B96}"
EndProject
Project("{FAE04EC0-301F-11D3-BF4B-00C04F79EFBC}") = "Unity.Rider.Editor", "Unity.Rider.Editor.csproj", "{A8B94823-533E-B327-9D3B-C216DA393410}"
EndProject
Project("{FAE04EC0-301F-11D3-BF4B-00C04F79EFBC}") = "Unity.VSCode.Editor", "Unity.VSCode.Editor.csproj", "{F84CBD5C-ACE6-1ED0-8C9E-7DA9280FF258}"
EndProject
Project("{FAE04EC0-301F-11D3-BF4B-00C04F79EFBC}") = "UnityEngine.UI", "UnityEngine.UI.Player.csproj", "{EBCED9AB-2EE1-2301-5E5E-F7F012F61117}"
EndProject
Project("{FAE04EC0-301F-11D3-BF4B-00C04F79EFBC}") = "UnityEngine.TestRunner", "UnityEngine.TestRunner.Player.csproj", "{1D56F033-B7FB-5D6A-2281-C170428E62DE}"
EndProject
Project("{FAE04EC0-301F-11D3-BF4B-00C04F79EFBC}") = "Unity.Timeline", "Unity.Timeline.Player.csproj", "{6113D1CB-A6C7-2F95-CDCB-43A4326B5122}"
EndProject
Project("{FAE04EC0-301F-11D3-BF4B-00C04F79EFBC}") = "Unity.TextMeshPro", "Unity.TextMeshPro.Player.csproj", "{F8D48F6F-E04F-E89C-0D7D-94B8E7DF0453}"
EndProject
Project("{FAE04EC0-301F-11D3-BF4B-00C04F79EFBC}") = "Assembly-CSharp", "Assembly-CSharp.Player.csproj", "{CE98A79D-849E-B90A-65F5-9C31B913B9B8}"
EndProject
Global
	GlobalSection(SolutionConfigurationPlatforms) = preSolution
		Debug|Any CPU = Debug|Any CPU
		Release|Any CPU = Release|Any CPU
	EndGlobalSection
	GlobalSection(ProjectConfigurationPlatforms) = postSolution
		{2C2A6A02-AB68-09A4-69E1-E173D15D9410}.Debug|Any CPU.ActiveCfg = Debug|Any CPU
		{2C2A6A02-AB68-09A4-69E1-E173D15D9410}.Debug|Any CPU.Build.0 = Debug|Any CPU
		{2C2A6A02-AB68-09A4-69E1-E173D15D9410}.Release|Any CPU.ActiveCfg = Release|Any CPU
		{2C2A6A02-AB68-09A4-69E1-E173D15D9410}.Release|Any CPU.Build.0 = Release|Any CPU
		{C00F5AEA-AD6C-7A6B-5838-47120D2A013F}.Debug|Any CPU.ActiveCfg = Debug|Any CPU
		{C00F5AEA-AD6C-7A6B-5838-47120D2A013F}.Debug|Any CPU.Build.0 = Debug|Any CPU
		{C00F5AEA-AD6C-7A6B-5838-47120D2A013F}.Release|Any CPU.ActiveCfg = Release|Any CPU
		{C00F5AEA-AD6C-7A6B-5838-47120D2A013F}.Release|Any CPU.Build.0 = Release|Any CPU
		{BA7A8357-3FAC-EB36-96C6-1714BB9450DB}.Debug|Any CPU.ActiveCfg = Debug|Any CPU
		{BA7A8357-3FAC-EB36-96C6-1714BB9450DB}.Debug|Any CPU.Build.0 = Debug|Any CPU
		{BA7A8357-3FAC-EB36-96C6-1714BB9450DB}.Release|Any CPU.ActiveCfg = Release|Any CPU
		{BA7A8357-3FAC-EB36-96C6-1714BB9450DB}.Release|Any CPU.Build.0 = Release|Any CPU
		{76907287-A506-9A72-7801-15E0175291FE}.Debug|Any CPU.ActiveCfg = Debug|Any CPU
		{76907287-A506-9A72-7801-15E0175291FE}.Debug|Any CPU.Build.0 = Debug|Any CPU
		{76907287-A506-9A72-7801-15E0175291FE}.Release|Any CPU.ActiveCfg = Release|Any CPU
		{76907287-A506-9A72-7801-15E0175291FE}.Release|Any CPU.Build.0 = Release|Any CPU
		{F6B57EBC-50DD-5FCE-CB46-93800F796A5D}.Debug|Any CPU.ActiveCfg = Debug|Any CPU
		{F6B57EBC-50DD-5FCE-CB46-93800F796A5D}.Debug|Any CPU.Build.0 = Debug|Any CPU
		{F6B57EBC-50DD-5FCE-CB46-93800F796A5D}.Release|Any CPU.ActiveCfg = Release|Any CPU
		{F6B57EBC-50DD-5FCE-CB46-93800F796A5D}.Release|Any CPU.Build.0 = Release|Any CPU
		{C5C37BFC-E099-5900-44BC-E4D66D2DD804}.Debug|Any CPU.ActiveCfg = Debug|Any CPU
		{C5C37BFC-E099-5900-44BC-E4D66D2DD804}.Debug|Any CPU.Build.0 = Debug|Any CPU
		{C5C37BFC-E099-5900-44BC-E4D66D2DD804}.Release|Any CPU.ActiveCfg = Release|Any CPU
		{C5C37BFC-E099-5900-44BC-E4D66D2DD804}.Release|Any CPU.Build.0 = Release|Any CPU
		{08997ECE-D845-EF01-F01A-66AB19F38C02}.Debug|Any CPU.ActiveCfg = Debug|Any CPU
		{08997ECE-D845-EF01-F01A-66AB19F38C02}.Debug|Any CPU.Build.0 = Debug|Any CPU
		{08997ECE-D845-EF01-F01A-66AB19F38C02}.Release|Any CPU.ActiveCfg = Release|Any CPU
		{08997ECE-D845-EF01-F01A-66AB19F38C02}.Release|Any CPU.Build.0 = Release|Any CPU
		{89202A41-038D-832E-9E97-AD515EC4813B}.Debug|Any CPU.ActiveCfg = Debug|Any CPU
		{89202A41-038D-832E-9E97-AD515EC4813B}.Debug|Any CPU.Build.0 = Debug|Any CPU
		{89202A41-038D-832E-9E97-AD515EC4813B}.Release|Any CPU.ActiveCfg = Release|Any CPU
		{89202A41-038D-832E-9E97-AD515EC4813B}.Release|Any CPU.Build.0 = Release|Any CPU
		{6C7BE11D-9F7A-ABC0-FF63-3BADEA94426C}.Debug|Any CPU.ActiveCfg = Debug|Any CPU
		{6C7BE11D-9F7A-ABC0-FF63-3BADEA94426C}.Debug|Any CPU.Build.0 = Debug|Any CPU
		{6C7BE11D-9F7A-ABC0-FF63-3BADEA94426C}.Release|Any CPU.ActiveCfg = Release|Any CPU
		{6C7BE11D-9F7A-ABC0-FF63-3BADEA94426C}.Release|Any CPU.Build.0 = Release|Any CPU
		{7486549A-67DE-2AE2-66BC-06E852D8C5C6}.Debug|Any CPU.ActiveCfg = Debug|Any CPU
		{7486549A-67DE-2AE2-66BC-06E852D8C5C6}.Debug|Any CPU.Build.0 = Debug|Any CPU
		{7486549A-67DE-2AE2-66BC-06E852D8C5C6}.Release|Any CPU.ActiveCfg = Release|Any CPU
		{7486549A-67DE-2AE2-66BC-06E852D8C5C6}.Release|Any CPU.Build.0 = Release|Any CPU
		{0B638FFB-2F08-EF05-3D5B-D979AF4F2862}.Debug|Any CPU.ActiveCfg = Debug|Any CPU
		{0B638FFB-2F08-EF05-3D5B-D979AF4F2862}.Debug|Any CPU.Build.0 = Debug|Any CPU
		{0B638FFB-2F08-EF05-3D5B-D979AF4F2862}.Release|Any CPU.ActiveCfg = Release|Any CPU
		{0B638FFB-2F08-EF05-3D5B-D979AF4F2862}.Release|Any CPU.Build.0 = Release|Any CPU
		{9BCF29BB-6CAE-48D8-2487-4519E5A91B96}.Debug|Any CPU.ActiveCfg = Debug|Any CPU
		{9BCF29BB-6CAE-48D8-2487-4519E5A91B96}.Debug|Any CPU.Build.0 = Debug|Any CPU
		{9BCF29BB-6CAE-48D8-2487-4519E5A91B96}.Release|Any CPU.ActiveCfg = Release|Any CPU
		{9BCF29BB-6CAE-48D8-2487-4519E5A91B96}.Release|Any CPU.Build.0 = Release|Any CPU
		{A8B94823-533E-B327-9D3B-C216DA393410}.Debug|Any CPU.ActiveCfg = Debug|Any CPU
		{A8B94823-533E-B327-9D3B-C216DA393410}.Debug|Any CPU.Build.0 = Debug|Any CPU
		{A8B94823-533E-B327-9D3B-C216DA393410}.Release|Any CPU.ActiveCfg = Release|Any CPU
		{A8B94823-533E-B327-9D3B-C216DA393410}.Release|Any CPU.Build.0 = Release|Any CPU
		{F84CBD5C-ACE6-1ED0-8C9E-7DA9280FF258}.Debug|Any CPU.ActiveCfg = Debug|Any CPU
		{F84CBD5C-ACE6-1ED0-8C9E-7DA9280FF258}.Debug|Any CPU.Build.0 = Debug|Any CPU
		{F84CBD5C-ACE6-1ED0-8C9E-7DA9280FF258}.Release|Any CPU.ActiveCfg = Release|Any CPU
		{F84CBD5C-ACE6-1ED0-8C9E-7DA9280FF258}.Release|Any CPU.Build.0 = Release|Any CPU
		{EBCED9AB-2EE1-2301-5E5E-F7F012F61117}.Debug|Any CPU.ActiveCfg = Debug|Any CPU
		{EBCED9AB-2EE1-2301-5E5E-F7F012F61117}.Debug|Any CPU.Build.0 = Debug|Any CPU
		{EBCED9AB-2EE1-2301-5E5E-F7F012F61117}.Release|Any CPU.ActiveCfg = Release|Any CPU
		{EBCED9AB-2EE1-2301-5E5E-F7F012F61117}.Release|Any CPU.Build.0 = Release|Any CPU
		{1D56F033-B7FB-5D6A-2281-C170428E62DE}.Debug|Any CPU.ActiveCfg = Debug|Any CPU
		{1D56F033-B7FB-5D6A-2281-C170428E62DE}.Debug|Any CPU.Build.0 = Debug|Any CPU
		{1D56F033-B7FB-5D6A-2281-C170428E62DE}.Release|Any CPU.ActiveCfg = Release|Any CPU
		{1D56F033-B7FB-5D6A-2281-C170428E62DE}.Release|Any CPU.Build.0 = Release|Any CPU
		{6113D1CB-A6C7-2F95-CDCB-43A4326B5122}.Debug|Any CPU.ActiveCfg = Debug|Any CPU
		{6113D1CB-A6C7-2F95-CDCB-43A4326B5122}.Debug|Any CPU.Build.0 = Debug|Any CPU
		{6113D1CB-A6C7-2F95-CDCB-43A4326B5122}.Release|Any CPU.ActiveCfg = Release|Any CPU
		{6113D1CB-A6C7-2F95-CDCB-43A4326B5122}.Release|Any CPU.Build.0 = Release|Any CPU
		{F8D48F6F-E04F-E89C-0D7D-94B8E7DF0453}.Debug|Any CPU.ActiveCfg = Debug|Any CPU
		{F8D48F6F-E04F-E89C-0D7D-94B8E7DF0453}.Debug|Any CPU.Build.0 = Debug|Any CPU
		{F8D48F6F-E04F-E89C-0D7D-94B8E7DF0453}.Release|Any CPU.ActiveCfg = Release|Any CPU
		{F8D48F6F-E04F-E89C-0D7D-94B8E7DF0453}.Release|Any CPU.Build.0 = Release|Any CPU
		{CE98A79D-849E-B90A-65F5-9C31B913B9B8}.Debug|Any CPU.ActiveCfg = Debug|Any CPU
		{CE98A79D-849E-B90A-65F5-9C31B913B9B8}.Debug|Any CPU.Build.0 = Debug|Any CPU
		{CE98A79D-849E-B90A-65F5-9C31B913B9B8}.Release|Any CPU.ActiveCfg = Release|Any CPU
		{CE98A79D-849E-B90A-65F5-9C31B913B9B8}.Release|Any CPU.Build.0 = Release|Any CPU
	EndGlobalSection
	GlobalSection(SolutionProperties) = preSolution
		HideSolutionNode = FALSE
	EndGlobalSection
EndGlobal
