
Microsoft Visual Studio Solution File, Format Version 12.00
# Visual Studio 15
Project("{FAE04EC0-301F-11D3-BF4B-00C04F79EFBC}") = "UnityEngine.TestRunner", "UnityEngine.TestRunner.csproj", "{F38B7CC7-0810-33CF-12BC-3CE61260E014}"
EndProject
Project("{FAE04EC0-301F-11D3-BF4B-00C04F79EFBC}") = "Unity.Timeline", "Unity.Timeline.csproj", "{1FBDD1AE-6246-223F-00AE-4D30E6FEAC11}"
EndProject
Project("{FAE04EC0-301F-11D3-BF4B-00C04F79EFBC}") = "UnityEngine.UI", "UnityEngine.UI.csproj", "{CE883ED2-BDE8-ADE5-89E4-8CB3AA2E089D}"
EndProject
Project("{FAE04EC0-301F-11D3-BF4B-00C04F79EFBC}") = "Unity.TextMeshPro", "Unity.TextMeshPro.csproj", "{CDFAE65D-9FA9-2998-7F0A-5F2C67E1A10E}"
EndProject
Project("{FAE04EC0-301F-11D3-BF4B-00C04F79EFBC}") = "UnityEditor.TestRunner", "UnityEditor.TestRunner.csproj", "{E6E83E56-05AA-7647-8844-21045C551E66}"
EndProject
Project("{FAE04EC0-301F-11D3-BF4B-00C04F79EFBC}") = "Unity.PlasticSCM.Editor", "Unity.PlasticSCM.Editor.csproj", "{FC58D58C-8AC7-2287-2E3C-4696BC02C96A}"
EndProject
Project("{FAE04EC0-301F-11D3-BF4B-00C04F79EFBC}") = "UnityEditor.UI", "UnityEditor.UI.csproj", "{8BB73625-99FB-3FB2-51AF-6128311D11A1}"
EndProject
Project("{FAE04EC0-301F-11D3-BF4B-00C04F79EFBC}") = "Unity.Timeline.Editor", "Unity.Timeline.Editor.csproj", "{A9D34A66-B226-2FEE-071D-DECD420A3936}"
EndProject
Project("{FAE04EC0-301F-11D3-BF4B-00C04F79EFBC}") = "Unity.VisualStudio.Editor", "Unity.VisualStudio.Editor.csproj", "{D1A8A7A8-CA44-68E9-D4CC-F9E958917F3C}"
EndProject
Project("{FAE04EC0-301F-11D3-BF4B-00C04F79EFBC}") = "Unity.TextMeshPro.Editor", "Unity.TextMeshPro.Editor.csproj", "{A4D7304D-2EB1-FC09-456A-B0DF6372D45C}"
EndProject
Project("{FAE04EC0-301F-11D3-BF4B-00C04F79EFBC}") = "Unity.CollabProxy.Editor", "Unity.CollabProxy.Editor.csproj", "{64C7061A-EC9E-2387-0787-D76F822467F7}"
EndProject
Project("{FAE04EC0-301F-11D3-BF4B-00C04F79EFBC}") = "Unity.Rider.Editor", "Unity.Rider.Editor.csproj", "{97B20A19-4492-1FBA-69A5-A4A4C941EE0C}"
EndProject
Project("{FAE04EC0-301F-11D3-BF4B-00C04F79EFBC}") = "Unity.VSCode.Editor", "Unity.VSCode.Editor.csproj", "{E9F45DE1-E729-1391-C240-DC2A30FCAC0F}"
EndProject
Project("{FAE04EC0-301F-11D3-BF4B-00C04F79EFBC}") = "UnityEngine.TestRunner", "UnityEngine.TestRunner.Player.csproj", "{D98958C6-6203-6EEE-A071-DABFE4C7093C}"
EndProject
Project("{FAE04EC0-301F-11D3-BF4B-00C04F79EFBC}") = "Unity.Timeline", "Unity.Timeline.Player.csproj", "{F276D289-B90F-ABD5-D9B1-E011568CB31B}"
EndProject
Project("{FAE04EC0-301F-11D3-BF4B-00C04F79EFBC}") = "UnityEngine.UI", "UnityEngine.UI.Player.csproj", "{56574054-94EF-758F-7EC5-542B1FA92BD1}"
EndProject
Project("{FAE04EC0-301F-11D3-BF4B-00C04F79EFBC}") = "Unity.TextMeshPro", "Unity.TextMeshPro.Player.csproj", "{F6DB19C9-EE54-0E98-E328-466D886AC25B}"
EndProject
Global
	GlobalSection(SolutionConfigurationPlatforms) = preSolution
		Debug|Any CPU = Debug|Any CPU
		Release|Any CPU = Release|Any CPU
	EndGlobalSection
	GlobalSection(ProjectConfigurationPlatforms) = postSolution
		{F38B7CC7-0810-33CF-12BC-3CE61260E014}.Debug|Any CPU.ActiveCfg = Debug|Any CPU
		{F38B7CC7-0810-33CF-12BC-3CE61260E014}.Debug|Any CPU.Build.0 = Debug|Any CPU
		{F38B7CC7-0810-33CF-12BC-3CE61260E014}.Release|Any CPU.ActiveCfg = Release|Any CPU
		{F38B7CC7-0810-33CF-12BC-3CE61260E014}.Release|Any CPU.Build.0 = Release|Any CPU
		{1FBDD1AE-6246-223F-00AE-4D30E6FEAC11}.Debug|Any CPU.ActiveCfg = Debug|Any CPU
		{1FBDD1AE-6246-223F-00AE-4D30E6FEAC11}.Debug|Any CPU.Build.0 = Debug|Any CPU
		{1FBDD1AE-6246-223F-00AE-4D30E6FEAC11}.Release|Any CPU.ActiveCfg = Release|Any CPU
		{1FBDD1AE-6246-223F-00AE-4D30E6FEAC11}.Release|Any CPU.Build.0 = Release|Any CPU
		{CE883ED2-BDE8-ADE5-89E4-8CB3AA2E089D}.Debug|Any CPU.ActiveCfg = Debug|Any CPU
		{CE883ED2-BDE8-ADE5-89E4-8CB3AA2E089D}.Debug|Any CPU.Build.0 = Debug|Any CPU
		{CE883ED2-BDE8-ADE5-89E4-8CB3AA2E089D}.Release|Any CPU.ActiveCfg = Release|Any CPU
		{CE883ED2-BDE8-ADE5-89E4-8CB3AA2E089D}.Release|Any CPU.Build.0 = Release|Any CPU
		{CDFAE65D-9FA9-2998-7F0A-5F2C67E1A10E}.Debug|Any CPU.ActiveCfg = Debug|Any CPU
		{CDFAE65D-9FA9-2998-7F0A-5F2C67E1A10E}.Debug|Any CPU.Build.0 = Debug|Any CPU
		{CDFAE65D-9FA9-2998-7F0A-5F2C67E1A10E}.Release|Any CPU.ActiveCfg = Release|Any CPU
		{CDFAE65D-9FA9-2998-7F0A-5F2C67E1A10E}.Release|Any CPU.Build.0 = Release|Any CPU
		{E6E83E56-05AA-7647-8844-21045C551E66}.Debug|Any CPU.ActiveCfg = Debug|Any CPU
		{E6E83E56-05AA-7647-8844-21045C551E66}.Debug|Any CPU.Build.0 = Debug|Any CPU
		{E6E83E56-05AA-7647-8844-21045C551E66}.Release|Any CPU.ActiveCfg = Release|Any CPU
		{E6E83E56-05AA-7647-8844-21045C551E66}.Release|Any CPU.Build.0 = Release|Any CPU
		{FC58D58C-8AC7-2287-2E3C-4696BC02C96A}.Debug|Any CPU.ActiveCfg = Debug|Any CPU
		{FC58D58C-8AC7-2287-2E3C-4696BC02C96A}.Debug|Any CPU.Build.0 = Debug|Any CPU
		{FC58D58C-8AC7-2287-2E3C-4696BC02C96A}.Release|Any CPU.ActiveCfg = Release|Any CPU
		{FC58D58C-8AC7-2287-2E3C-4696BC02C96A}.Release|Any CPU.Build.0 = Release|Any CPU
		{8BB73625-99FB-3FB2-51AF-6128311D11A1}.Debug|Any CPU.ActiveCfg = Debug|Any CPU
		{8BB73625-99FB-3FB2-51AF-6128311D11A1}.Debug|Any CPU.Build.0 = Debug|Any CPU
		{8BB73625-99FB-3FB2-51AF-6128311D11A1}.Release|Any CPU.ActiveCfg = Release|Any CPU
		{8BB73625-99FB-3FB2-51AF-6128311D11A1}.Release|Any CPU.Build.0 = Release|Any CPU
		{A9D34A66-B226-2FEE-071D-DECD420A3936}.Debug|Any CPU.ActiveCfg = Debug|Any CPU
		{A9D34A66-B226-2FEE-071D-DECD420A3936}.Debug|Any CPU.Build.0 = Debug|Any CPU
		{A9D34A66-B226-2FEE-071D-DECD420A3936}.Release|Any CPU.ActiveCfg = Release|Any CPU
		{A9D34A66-B226-2FEE-071D-DECD420A3936}.Release|Any CPU.Build.0 = Release|Any CPU
		{D1A8A7A8-CA44-68E9-D4CC-F9E958917F3C}.Debug|Any CPU.ActiveCfg = Debug|Any CPU
		{D1A8A7A8-CA44-68E9-D4CC-F9E958917F3C}.Debug|Any CPU.Build.0 = Debug|Any CPU
		{D1A8A7A8-CA44-68E9-D4CC-F9E958917F3C}.Release|Any CPU.ActiveCfg = Release|Any CPU
		{D1A8A7A8-CA44-68E9-D4CC-F9E958917F3C}.Release|Any CPU.Build.0 = Release|Any CPU
		{A4D7304D-2EB1-FC09-456A-B0DF6372D45C}.Debug|Any CPU.ActiveCfg = Debug|Any CPU
		{A4D7304D-2EB1-FC09-456A-B0DF6372D45C}.Debug|Any CPU.Build.0 = Debug|Any CPU
		{A4D7304D-2EB1-FC09-456A-B0DF6372D45C}.Release|Any CPU.ActiveCfg = Release|Any CPU
		{A4D7304D-2EB1-FC09-456A-B0DF6372D45C}.Release|Any CPU.Build.0 = Release|Any CPU
		{64C7061A-EC9E-2387-0787-D76F822467F7}.Debug|Any CPU.ActiveCfg = Debug|Any CPU
		{64C7061A-EC9E-2387-0787-D76F822467F7}.Debug|Any CPU.Build.0 = Debug|Any CPU
		{64C7061A-EC9E-2387-0787-D76F822467F7}.Release|Any CPU.ActiveCfg = Release|Any CPU
		{64C7061A-EC9E-2387-0787-D76F822467F7}.Release|Any CPU.Build.0 = Release|Any CPU
		{97B20A19-4492-1FBA-69A5-A4A4C941EE0C}.Debug|Any CPU.ActiveCfg = Debug|Any CPU
		{97B20A19-4492-1FBA-69A5-A4A4C941EE0C}.Debug|Any CPU.Build.0 = Debug|Any CPU
		{97B20A19-4492-1FBA-69A5-A4A4C941EE0C}.Release|Any CPU.ActiveCfg = Release|Any CPU
		{97B20A19-4492-1FBA-69A5-A4A4C941EE0C}.Release|Any CPU.Build.0 = Release|Any CPU
		{E9F45DE1-E729-1391-C240-DC2A30FCAC0F}.Debug|Any CPU.ActiveCfg = Debug|Any CPU
		{E9F45DE1-E729-1391-C240-DC2A30FCAC0F}.Debug|Any CPU.Build.0 = Debug|Any CPU
		{E9F45DE1-E729-1391-C240-DC2A30FCAC0F}.Release|Any CPU.ActiveCfg = Release|Any CPU
		{E9F45DE1-E729-1391-C240-DC2A30FCAC0F}.Release|Any CPU.Build.0 = Release|Any CPU
		{D98958C6-6203-6EEE-A071-DABFE4C7093C}.Debug|Any CPU.ActiveCfg = Debug|Any CPU
		{D98958C6-6203-6EEE-A071-DABFE4C7093C}.Debug|Any CPU.Build.0 = Debug|Any CPU
		{D98958C6-6203-6EEE-A071-DABFE4C7093C}.Release|Any CPU.ActiveCfg = Release|Any CPU
		{D98958C6-6203-6EEE-A071-DABFE4C7093C}.Release|Any CPU.Build.0 = Release|Any CPU
		{F276D289-B90F-ABD5-D9B1-E011568CB31B}.Debug|Any CPU.ActiveCfg = Debug|Any CPU
		{F276D289-B90F-ABD5-D9B1-E011568CB31B}.Debug|Any CPU.Build.0 = Debug|Any CPU
		{F276D289-B90F-ABD5-D9B1-E011568CB31B}.Release|Any CPU.ActiveCfg = Release|Any CPU
		{F276D289-B90F-ABD5-D9B1-E011568CB31B}.Release|Any CPU.Build.0 = Release|Any CPU
		{56574054-94EF-758F-7EC5-542B1FA92BD1}.Debug|Any CPU.ActiveCfg = Debug|Any CPU
		{56574054-94EF-758F-7EC5-542B1FA92BD1}.Debug|Any CPU.Build.0 = Debug|Any CPU
		{56574054-94EF-758F-7EC5-542B1FA92BD1}.Release|Any CPU.ActiveCfg = Release|Any CPU
		{56574054-94EF-758F-7EC5-542B1FA92BD1}.Release|Any CPU.Build.0 = Release|Any CPU
		{F6DB19C9-EE54-0E98-E328-466D886AC25B}.Debug|Any CPU.ActiveCfg = Debug|Any CPU
		{F6DB19C9-EE54-0E98-E328-466D886AC25B}.Debug|Any CPU.Build.0 = Debug|Any CPU
		{F6DB19C9-EE54-0E98-E328-466D886AC25B}.Release|Any CPU.ActiveCfg = Release|Any CPU
		{F6DB19C9-EE54-0E98-E328-466D886AC25B}.Release|Any CPU.Build.0 = Release|Any CPU
	EndGlobalSection
	GlobalSection(SolutionProperties) = preSolution
		HideSolutionNode = FALSE
	EndGlobalSection
EndGlobal
